{
  "requires": true,
  "lockfileVersion": 1,
  "dependencies": {
    "@vue/cli-plugin-vuex": {
      "version": "4.4.1",
      "resolved": "https://registry.npmjs.org/@vue/cli-plugin-vuex/-/cli-plugin-vuex-4.4.1.tgz",
      "integrity": "sha512-FtOFsDP0qznwVaCz0BZmTzUm5vhHSJzX2/XD3L5dLTkrNxyDEbZmbKoX0n1OzBcQwZC7dkJZP2tdoCQx0mX//g=="
    },
    "vue": {
      "version": "2.6.11",
      "resolved": "https://registry.npmjs.org/vue/-/vue-2.6.11.tgz",
      "integrity": "sha512-VfPwgcGABbGAue9+sfrD4PuwFar7gPb1yl1UK1MwXoQPAw0BKSqWfoYCT/ThFrdEVWoI51dBuyCoiNU9bZDZxQ=="
    },
    "vuex": {
      "version": "3.5.1",
      "resolved": "https://registry.npmjs.org/vuex/-/vuex-3.5.1.tgz",
      "integrity": "sha512-w7oJzmHQs0FM9LXodfskhw9wgKBiaB+totOdb8sNzbTB2KDCEEwEs29NzBZFh/lmEK1t5tDmM1vtsO7ubG1DFw=="
    }
  }
}
